
Microsoft Visual Studio Solution File, Format Version 12.00
# Visual Studio 2013
VisualStudioVersion = 12.0.30501.0
MinimumVisualStudioVersion = 10.0.40219.1
Project("{FAE04EC0-301F-11D3-BF4B-00C04F79EFBC}") = "SMG.SGIP", "SMG.SGIP\SMG.SGIP.csproj", "{D9016AD9-4006-4345-8EE7-044E9C0DA408}"
EndProject
Project("{FAE04EC0-301F-11D3-BF4B-00C04F79EFBC}") = "SMG.CmdApp", "SMG.CmdApp\SMG.CmdApp.csproj", "{6D0E8D37-E76F-453B-AF7C-CA333F73ECEE}"
EndProject
Project("{FAE04EC0-301F-11D3-BF4B-00C04F79EFBC}") = "SMG.TcpSocket", "SMG.TcpSocket\SMG.TcpSocket.csproj", "{A66A5F90-3F33-4327-9141-79FDAC108C74}"
EndProject
Global
	GlobalSection(SolutionConfigurationPlatforms) = preSolution
		Debug|Any CPU = Debug|Any CPU
		Release|Any CPU = Release|Any CPU
	EndGlobalSection
	GlobalSection(ProjectConfigurationPlatforms) = postSolution
		{D9016AD9-4006-4345-8EE7-044E9C0DA408}.Debug|Any CPU.ActiveCfg = Debug|Any CPU
		{D9016AD9-4006-4345-8EE7-044E9C0DA408}.Debug|Any CPU.Build.0 = Debug|Any CPU
		{D9016AD9-4006-4345-8EE7-044E9C0DA408}.Release|Any CPU.ActiveCfg = Release|Any CPU
		{D9016AD9-4006-4345-8EE7-044E9C0DA408}.Release|Any CPU.Build.0 = Release|Any CPU
		{6D0E8D37-E76F-453B-AF7C-CA333F73ECEE}.Debug|Any CPU.ActiveCfg = Debug|Any CPU
		{6D0E8D37-E76F-453B-AF7C-CA333F73ECEE}.Debug|Any CPU.Build.0 = Debug|Any CPU
		{6D0E8D37-E76F-453B-AF7C-CA333F73ECEE}.Release|Any CPU.ActiveCfg = Release|Any CPU
		{6D0E8D37-E76F-453B-AF7C-CA333F73ECEE}.Release|Any CPU.Build.0 = Release|Any CPU
		{A66A5F90-3F33-4327-9141-79FDAC108C74}.Debug|Any CPU.ActiveCfg = Debug|Any CPU
		{A66A5F90-3F33-4327-9141-79FDAC108C74}.Debug|Any CPU.Build.0 = Debug|Any CPU
		{A66A5F90-3F33-4327-9141-79FDAC108C74}.Release|Any CPU.ActiveCfg = Release|Any CPU
		{A66A5F90-3F33-4327-9141-79FDAC108C74}.Release|Any CPU.Build.0 = Release|Any CPU
	EndGlobalSection
	GlobalSection(SolutionProperties) = preSolution
		HideSolutionNode = FALSE
	EndGlobalSection
EndGlobal
